<?xml version="1.0" encoding="utf-8"?>
<Project ToolsVersion="4.0" xmlns="http://schemas.microsoft.com/developer/msbuild/2003">
  <ItemGroup>
    <Filter Include="Source Files">
      <UniqueIdentifier>{4FC737F1-C7A5-4376-A066-2A32D752A2FF}</UniqueIdentifier>
      <Extensions>cpp;c;cc;cxx;c++;cppm;ixx;def;odl;idl;hpj;bat;asm;asmx</Extensions>
    </Filter>
    <Filter Include="Header Files">
      <UniqueIdentifier>{93995380-89BD-4b04-88EB-625FBE52EBFB}</UniqueIdentifier>
      <Extensions>h;hh;hpp;hxx;h++;hm;inl;inc;ipp;xsd</Extensions>
    </Filter>
    <Filter Include="Resource Files">
      <UniqueIdentifier>{67DA6AB6-F800-4c08-8B7A-83BB121AAD01}</UniqueIdentifier>
      <Extensions>rc;ico;cur;bmp;dlg;rc2;rct;bin;rgs;gif;jpg;jpeg;jpe;resx;tiff;tif;png;wav;mfcribbon-ms</Extensions>
    </Filter>
    <Filter Include="Header Files\Input">
      <UniqueIdentifier>{b5f166cc-2bef-4ef8-b221-a073a7febdbf}</UniqueIdentifier>
    </Filter>
    <Filter Include="Source Files\Input">
      <UniqueIdentifier>{be0e16ec-d861-4df7-9c12-e2bb4065b2c5}</UniqueIdentifier>
    </Filter>
    <Filter Include="Header Files\Engine">
      <UniqueIdentifier>{d131ae50-2c88-46aa-94a9-64c907b0f06c}</UniqueIdentifier>
    </Filter>
    <Filter Include="Source Files\Engine">
      <UniqueIdentifier>{1c8660c0-4cde-4cee-a328-b20868bfccb2}</UniqueIdentifier>
    </Filter>
    <Filter Include="Source Files\Utility">
      <UniqueIdentifier>{675c6cb3-6d6c-42fe-9da6-75fd439e2c84}</UniqueIdentifier>
    </Filter>
    <Filter Include="Header Files\Utility">
      <UniqueIdentifier>{f5548863-1259-4130-88e2-0d78a125cb44}</UniqueIdentifier>
    </Filter>
    <Filter Include="Header Files\Render">
      <UniqueIdentifier>{f8d95e26-5244-4abf-8e0e-9276b8686070}</UniqueIdentifier>
    </Filter>
    <Filter Include="Source Files\Render">
      <UniqueIdentifier>{b6099980-681f-4336-a55c-82b88a6d487e}</UniqueIdentifier>
    </Filter>
    <Filter Include="Header Files\Graphics">
      <UniqueIdentifier>{428ac0cb-3dd3-4648-9e40-82e359ed8dd1}</UniqueIdentifier>
    </Filter>
    <Filter Include="Source Files\Graphics">
      <UniqueIdentifier>{b2af6856-5c31-40b3-ad63-7be2f3d8820a}</UniqueIdentifier>
    </Filter>
    <Filter Include="Header Files\Graphics\Buffers">
      <UniqueIdentifier>{e695180a-83ae-4f44-adc8-b5ac4a78f3c9}</UniqueIdentifier>
    </Filter>
    <Filter Include="Header Files\GameObjects">
      <UniqueIdentifier>{0c12167f-284d-48fd-95b6-aa141cb615f7}</UniqueIdentifier>
    </Filter>
    <Filter Include="Source Files\GameObjects">
      <UniqueIdentifier>{13421465-4d0b-4e9d-af3e-7d31ae287633}</UniqueIdentifier>
    </Filter>
    <Filter Include="Source Files\GameObjects\Entities">
      <UniqueIdentifier>{82a43d7a-0b99-4dd5-8e76-026132822170}</UniqueIdentifier>
    </Filter>
    <Filter Include="Header Files\GameObjects\Entities">
      <UniqueIdentifier>{1254dd4c-6f72-4daf-9a2d-d21064d5a948}</UniqueIdentifier>
    </Filter>
    <Filter Include="Header Files\Engine\Level">
      <UniqueIdentifier>{650faeb2-30d1-43f9-b489-ad4474e06a68}</UniqueIdentifier>
    </Filter>
    <Filter Include="Source Files\Engine\Level">
      <UniqueIdentifier>{552c423d-3d08-497e-b44f-c3079aa8006d}</UniqueIdentifier>
    </Filter>
    <Filter Include="Header Files\GameObjects\Entities\Projectiles">
      <UniqueIdentifier>{55483fb3-48a6-48e1-9b2e-c6d5b858021f}</UniqueIdentifier>
    </Filter>
    <Filter Include="Source Files\GameObjects\Entities\Projectiles">
      <UniqueIdentifier>{7aec8c26-d226-4740-82a9-d7abcee1260b}</UniqueIdentifier>
    </Filter>
    <Filter Include="Header Files\GameObjects\Entities\Characters">
      <UniqueIdentifier>{83f8c5e6-133f-4d11-9e73-fe44608987d3}</UniqueIdentifier>
    </Filter>
    <Filter Include="Source Files\GameObjects\Entities\Characters">
      <UniqueIdentifier>{e66f0390-e528-483c-bcc3-2858272aecb2}</UniqueIdentifier>
    </Filter>
  </ItemGroup>
  <ItemGroup>
    <ClCompile Include="src\Main.cpp">
      <Filter>Source Files</Filter>
    </ClCompile>
    <ClCompile Include="src\Input\KeyboardEvent.cpp">
      <Filter>Source Files\Input</Filter>
    </ClCompile>
    <ClCompile Include="src\Input\KeyboardClass.cpp">
      <Filter>Source Files\Input</Filter>
    </ClCompile>
    <ClCompile Include="src\Engine\Engine.cpp">
      <Filter>Source Files\Engine</Filter>
    </ClCompile>
    <ClCompile Include="src\Engine\WindowContainer.cpp">
      <Filter>Source Files\Engine</Filter>
    </ClCompile>
    <ClCompile Include="src\Utility\ErrorLogger.cpp">
      <Filter>Source Files\Utility</Filter>
    </ClCompile>
    <ClCompile Include="src\Utility\StringConverter.cpp">
      <Filter>Source Files\Utility</Filter>
    </ClCompile>
    <ClCompile Include="src\Render\RenderWindow.cpp">
      <Filter>Source Files\Render</Filter>
    </ClCompile>
    <ClCompile Include="src\Input\MouseEvent.cpp">
      <Filter>Source Files\Input</Filter>
    </ClCompile>
    <ClCompile Include="src\Input\MouseClass.cpp">
      <Filter>Source Files\Input</Filter>
    </ClCompile>
    <ClCompile Include="src\Graphics\Graphics.cpp">
      <Filter>Source Files\Graphics</Filter>
    </ClCompile>
    <ClCompile Include="src\Graphics\AdapterReader.cpp">
      <Filter>Source Files\Graphics</Filter>
    </ClCompile>
    <ClCompile Include="src\Utility\Config.cpp">
      <Filter>Source Files\Utility</Filter>
    </ClCompile>
    <ClCompile Include="src\Graphics\Shaders.cpp">
      <Filter>Source Files\Graphics</Filter>
    </ClCompile>
    <ClCompile Include="src\Graphics\Camera.cpp">
      <Filter>Source Files\Graphics</Filter>
    </ClCompile>
    <ClCompile Include="src\Utility\Timer.cpp">
      <Filter>Source Files\Utility</Filter>
    </ClCompile>
    <ClCompile Include="src\Graphics\Model.cpp">
      <Filter>Source Files\Graphics</Filter>
    </ClCompile>
    <ClCompile Include="src\Graphics\Mesh.cpp">
      <Filter>Source Files\Graphics</Filter>
    </ClCompile>
    <ClCompile Include="src\GameObjects\GameObject.cpp">
      <Filter>Source Files\GameObjects</Filter>
    </ClCompile>
    <ClCompile Include="src\GameObjects\Entities\Entity.cpp">
      <Filter>Source Files\GameObjects\Entities</Filter>
    </ClCompile>
    <ClCompile Include="src\Graphics\Texture.cpp">
      <Filter>Source Files\Graphics</Filter>
    </ClCompile>
    <ClCompile Include="src\Graphics\Color.cpp">
      <Filter>Source Files\Graphics</Filter>
    </ClCompile>
    <ClCompile Include="src\Graphics\TextureManager.cpp">
      <Filter>Source Files\Graphics</Filter>
    </ClCompile>
    <ClCompile Include="src\Engine\Level\Level.cpp">
      <Filter>Source Files\Engine\Level</Filter>
    </ClCompile>
    <ClCompile Include="src\Utility\PerlinNoise.cpp">
      <Filter>Source Files\Utility</Filter>
    </ClCompile>
    <ClCompile Include="src\Engine\Level\Chunk.cpp">
      <Filter>Source Files\Engine\Level</Filter>
    </ClCompile>
    <ClCompile Include="src\Engine\Level\Map.cpp">
      <Filter>Source Files\Engine\Level</Filter>
    </ClCompile>
    <ClCompile Include="src\GameObjects\Entities\HitBox.cpp">
      <Filter>Source Files\GameObjects\Entities</Filter>
    </ClCompile>
    <ClCompile Include="src\Graphics\ModelManager.cpp">
      <Filter>Source Files\Graphics</Filter>
    </ClCompile>
    <ClCompile Include="src\Utility\AStar.cpp">
      <Filter>Source Files\Utility</Filter>
    </ClCompile>
    <ClCompile Include="src\GameObjects\Entities\Characters\Player.cpp">
      <Filter>Source Files\GameObjects\Entities\Characters</Filter>
    </ClCompile>
    <ClCompile Include="src\GameObjects\Entities\Characters\NPC.cpp">
      <Filter>Source Files\GameObjects\Entities\Characters</Filter>
    </ClCompile>
  </ItemGroup>
  <ItemGroup>
    <Text Include="changelog.txt" />
  </ItemGroup>
  <ItemGroup>
    <ClInclude Include="src\Engine\WindowContainer.h">
      <Filter>Header Files\Engine</Filter>
    </ClInclude>
    <ClInclude Include="src\Engine\Engine.h">
      <Filter>Header Files\Engine</Filter>
    </ClInclude>
    <ClInclude Include="src\Graphics\AdapterReader.h">
      <Filter>Header Files\Graphics</Filter>
    </ClInclude>
    <ClInclude Include="src\Graphics\Camera.h">
      <Filter>Header Files\Graphics</Filter>
    </ClInclude>
    <ClInclude Include="src\Graphics\Graphics.h">
      <Filter>Header Files\Graphics</Filter>
    </ClInclude>
    <ClInclude Include="src\Graphics\Shaders.h">
      <Filter>Header Files\Graphics</Filter>
    </ClInclude>
    <ClInclude Include="src\Graphics\Vertex.h">
      <Filter>Header Files\Graphics</Filter>
    </ClInclude>
    <ClInclude Include="src\Input\MouseEvent.h">
      <Filter>Header Files\Input</Filter>
    </ClInclude>
    <ClInclude Include="src\Input\KeyboardClass.h">
      <Filter>Header Files\Input</Filter>
    </ClInclude>
    <ClInclude Include="src\Input\KeyboardEvent.h">
      <Filter>Header Files\Input</Filter>
    </ClInclude>
    <ClInclude Include="src\Input\MouseClass.h">
      <Filter>Header Files\Input</Filter>
    </ClInclude>
    <ClInclude Include="src\Render\RenderWindow.h">
      <Filter>Header Files\Render</Filter>
    </ClInclude>
    <ClInclude Include="src\Utility\Timer.h">
      <Filter>Header Files\Utility</Filter>
    </ClInclude>
    <ClInclude Include="src\Utility\COMException.h">
      <Filter>Header Files\Utility</Filter>
    </ClInclude>
    <ClInclude Include="src\Utility\Config.h">
      <Filter>Header Files\Utility</Filter>
    </ClInclude>
    <ClInclude Include="src\Utility\ErrorLogger.h">
      <Filter>Header Files\Utility</Filter>
    </ClInclude>
    <ClInclude Include="src\Utility\StringConverter.h">
      <Filter>Header Files\Utility</Filter>
    </ClInclude>
    <ClInclude Include="src\Graphics\Buffers\VertexBuffer.h">
      <Filter>Header Files\Graphics\Buffers</Filter>
    </ClInclude>
    <ClInclude Include="src\Graphics\Buffers\IndexBuffer.h">
      <Filter>Header Files\Graphics\Buffers</Filter>
    </ClInclude>
    <ClInclude Include="src\Graphics\Model.h">
      <Filter>Header Files\Graphics</Filter>
    </ClInclude>
    <ClInclude Include="src\Graphics\Mesh.h">
      <Filter>Header Files\Graphics</Filter>
    </ClInclude>
    <ClInclude Include="src\Graphics\Buffers\ConstantBuffer.h">
      <Filter>Header Files\Graphics\Buffers</Filter>
    </ClInclude>
    <ClInclude Include="src\GameObjects\GameObject.h">
      <Filter>Header Files\GameObjects</Filter>
    </ClInclude>
    <ClInclude Include="src\GameObjects\Entities\Entity.h">
      <Filter>Header Files\GameObjects\Entities</Filter>
    </ClInclude>
    <ClInclude Include="src\Graphics\Texture.h">
      <Filter>Header Files\Graphics</Filter>
    </ClInclude>
    <ClInclude Include="src\Graphics\Color.h">
      <Filter>Header Files\Graphics</Filter>
    </ClInclude>
    <ClInclude Include="src\Graphics\TextureManager.h">
      <Filter>Header Files\Graphics</Filter>
    </ClInclude>
    <ClInclude Include="src\Graphics\Buffers\ConstantBufferTypes.h">
      <Filter>Header Files\Graphics\Buffers</Filter>
    </ClInclude>
    <ClInclude Include="src\Engine\Level\Level.h">
      <Filter>Header Files\Engine\Level</Filter>
    </ClInclude>
    <ClInclude Include="src\Utility\PerlinNoise.h">
      <Filter>Header Files\Utility</Filter>
    </ClInclude>
    <ClInclude Include="src\Engine\Level\Chunk.h">
      <Filter>Header Files\Engine\Level</Filter>
    </ClInclude>
    <ClInclude Include="src\Engine\Level\Map.h">
      <Filter>Header Files\Engine\Level</Filter>
    </ClInclude>
    <ClInclude Include="src\Engine\Level\MapData.h">
      <Filter>Header Files\Engine\Level</Filter>
    </ClInclude>
    <ClInclude Include="src\GameObjects\Entities\HitBox.h">
      <Filter>Header Files\GameObjects\Entities</Filter>
    </ClInclude>
    <ClInclude Include="src\Graphics\ModelManager.h">
      <Filter>Header Files\Graphics</Filter>
    </ClInclude>
    <ClInclude Include="src\Utility\AStar.h">
      <Filter>Header Files\Utility</Filter>
    </ClInclude>
    <ClInclude Include="src\Utility\Node.h">
      <Filter>Header Files\Utility</Filter>
    </ClInclude>
    <ClInclude Include="src\GameObjects\Entities\Characters\Player.h">
      <Filter>Header Files\GameObjects\Entities\Characters</Filter>
    </ClInclude>
    <ClInclude Include="src\GameObjects\Entities\Characters\NPC.h">
      <Filter>Header Files\GameObjects\Entities\Characters</Filter>
    </ClInclude>
  </ItemGroup>
  <ItemGroup>
    <FxCompile Include="vertexshader.hlsl">
      <Filter>Resource Files</Filter>
    </FxCompile>
    <FxCompile Include="pixelshader.hlsl">
      <Filter>Resource Files</Filter>
    </FxCompile>
  </ItemGroup>
</Project>